
Microsoft Visual Studio Solution File, Format Version 12.00
# Visual Studio 14
VisualStudioVersion = 14.0.25123.0
MinimumVisualStudioVersion = 10.0.40219.1
Project("{FAE04EC0-301F-11D3-BF4B-00C04F79EFBC}") = "VEngine", "VEngine\VEngine.csproj", "{7119D27E-2027-4FA3-BD1E-FAE58899C12C}"
EndProject
Project("{FAE04EC0-301F-11D3-BF4B-00C04F79EFBC}") = "MeshConverter", "MeshConverter\MeshConverter.csproj", "{98EF13FF-A24E-418C-831D-1C62D5BFC44C}"
EndProject
Project("{FAE04EC0-301F-11D3-BF4B-00C04F79EFBC}") = "GLSLLint", "GLSLLint\GLSLLint.csproj", "{957A7861-1BE8-4D70-B809-A1791FD5E33D}"
EndProject
Project("{FAE04EC0-301F-11D3-BF4B-00C04F79EFBC}") = "ShadowsTester", "ShadowsTester\ShadowsTester.csproj", "{42F338D2-15F3-4EEC-AB8A-6D0DA9327E2D}"
EndProject
Project("{2150E333-8FDC-42A3-9474-1A3956D46DE8}") = "Solution Items", "Solution Items", "{70B782BE-9C3D-4B68-B3A4-E0AA3B3CABAB}"
	ProjectSection(SolutionItems) = preProject
		Performance1.psess = Performance1.psess
		Performance2.psess = Performance2.psess
	EndProjectSection
EndProject
Project("{FAE04EC0-301F-11D3-BF4B-00C04F79EFBC}") = "ObjToSceneConverter", "ObjToSceneConverter\ObjToSceneConverter.csproj", "{32C40238-C588-4C83-B573-D636E1701915}"
EndProject
Global
	GlobalSection(SolutionConfigurationPlatforms) = preSolution
		Debug|Any CPU = Debug|Any CPU
		Debug|Mixed Platforms = Debug|Mixed Platforms
		Debug|x86 = Debug|x86
		Optimized|Any CPU = Optimized|Any CPU
		Optimized|Mixed Platforms = Optimized|Mixed Platforms
		Optimized|x86 = Optimized|x86
		Release|Any CPU = Release|Any CPU
		Release|Mixed Platforms = Release|Mixed Platforms
		Release|x86 = Release|x86
	EndGlobalSection
	GlobalSection(ProjectConfigurationPlatforms) = postSolution
		{7119D27E-2027-4FA3-BD1E-FAE58899C12C}.Debug|Any CPU.ActiveCfg = Debug|Any CPU
		{7119D27E-2027-4FA3-BD1E-FAE58899C12C}.Debug|Any CPU.Build.0 = Debug|Any CPU
		{7119D27E-2027-4FA3-BD1E-FAE58899C12C}.Debug|Mixed Platforms.ActiveCfg = Debug|x86
		{7119D27E-2027-4FA3-BD1E-FAE58899C12C}.Debug|Mixed Platforms.Build.0 = Debug|x86
		{7119D27E-2027-4FA3-BD1E-FAE58899C12C}.Debug|x86.ActiveCfg = Debug|x86
		{7119D27E-2027-4FA3-BD1E-FAE58899C12C}.Debug|x86.Build.0 = Debug|x86
		{7119D27E-2027-4FA3-BD1E-FAE58899C12C}.Optimized|Any CPU.ActiveCfg = Optimized|Any CPU
		{7119D27E-2027-4FA3-BD1E-FAE58899C12C}.Optimized|Any CPU.Build.0 = Optimized|Any CPU
		{7119D27E-2027-4FA3-BD1E-FAE58899C12C}.Optimized|Mixed Platforms.ActiveCfg = Optimized|x86
		{7119D27E-2027-4FA3-BD1E-FAE58899C12C}.Optimized|Mixed Platforms.Build.0 = Optimized|x86
		{7119D27E-2027-4FA3-BD1E-FAE58899C12C}.Optimized|x86.ActiveCfg = Optimized|x86
		{7119D27E-2027-4FA3-BD1E-FAE58899C12C}.Optimized|x86.Build.0 = Optimized|x86
		{7119D27E-2027-4FA3-BD1E-FAE58899C12C}.Release|Any CPU.ActiveCfg = Release|Any CPU
		{7119D27E-2027-4FA3-BD1E-FAE58899C12C}.Release|Any CPU.Build.0 = Release|Any CPU
		{7119D27E-2027-4FA3-BD1E-FAE58899C12C}.Release|Mixed Platforms.ActiveCfg = Release|x86
		{7119D27E-2027-4FA3-BD1E-FAE58899C12C}.Release|Mixed Platforms.Build.0 = Release|x86
		{7119D27E-2027-4FA3-BD1E-FAE58899C12C}.Release|x86.ActiveCfg = Release|x86
		{7119D27E-2027-4FA3-BD1E-FAE58899C12C}.Release|x86.Build.0 = Release|x86
		{98EF13FF-A24E-418C-831D-1C62D5BFC44C}.Debug|Any CPU.ActiveCfg = Debug|Any CPU
		{98EF13FF-A24E-418C-831D-1C62D5BFC44C}.Debug|Any CPU.Build.0 = Debug|Any CPU
		{98EF13FF-A24E-418C-831D-1C62D5BFC44C}.Debug|Mixed Platforms.ActiveCfg = Debug|x86
		{98EF13FF-A24E-418C-831D-1C62D5BFC44C}.Debug|Mixed Platforms.Build.0 = Debug|x86
		{98EF13FF-A24E-418C-831D-1C62D5BFC44C}.Debug|x86.ActiveCfg = Debug|x86
		{98EF13FF-A24E-418C-831D-1C62D5BFC44C}.Debug|x86.Build.0 = Debug|x86
		{98EF13FF-A24E-418C-831D-1C62D5BFC44C}.Optimized|Any CPU.ActiveCfg = Optimized|Any CPU
		{98EF13FF-A24E-418C-831D-1C62D5BFC44C}.Optimized|Any CPU.Build.0 = Optimized|Any CPU
		{98EF13FF-A24E-418C-831D-1C62D5BFC44C}.Optimized|Mixed Platforms.ActiveCfg = Optimized|x86
		{98EF13FF-A24E-418C-831D-1C62D5BFC44C}.Optimized|Mixed Platforms.Build.0 = Optimized|x86
		{98EF13FF-A24E-418C-831D-1C62D5BFC44C}.Optimized|x86.ActiveCfg = Optimized|x86
		{98EF13FF-A24E-418C-831D-1C62D5BFC44C}.Optimized|x86.Build.0 = Optimized|x86
		{98EF13FF-A24E-418C-831D-1C62D5BFC44C}.Release|Any CPU.ActiveCfg = Release|Any CPU
		{98EF13FF-A24E-418C-831D-1C62D5BFC44C}.Release|Any CPU.Build.0 = Release|Any CPU
		{98EF13FF-A24E-418C-831D-1C62D5BFC44C}.Release|Mixed Platforms.ActiveCfg = Release|x86
		{98EF13FF-A24E-418C-831D-1C62D5BFC44C}.Release|Mixed Platforms.Build.0 = Release|x86
		{98EF13FF-A24E-418C-831D-1C62D5BFC44C}.Release|x86.ActiveCfg = Release|x86
		{98EF13FF-A24E-418C-831D-1C62D5BFC44C}.Release|x86.Build.0 = Release|x86
		{957A7861-1BE8-4D70-B809-A1791FD5E33D}.Debug|Any CPU.ActiveCfg = Debug|Any CPU
		{957A7861-1BE8-4D70-B809-A1791FD5E33D}.Debug|Any CPU.Build.0 = Debug|Any CPU
		{957A7861-1BE8-4D70-B809-A1791FD5E33D}.Debug|Mixed Platforms.ActiveCfg = Debug|Any CPU
		{957A7861-1BE8-4D70-B809-A1791FD5E33D}.Debug|Mixed Platforms.Build.0 = Debug|Any CPU
		{957A7861-1BE8-4D70-B809-A1791FD5E33D}.Debug|x86.ActiveCfg = Debug|Any CPU
		{957A7861-1BE8-4D70-B809-A1791FD5E33D}.Optimized|Any CPU.ActiveCfg = Optimized|Any CPU
		{957A7861-1BE8-4D70-B809-A1791FD5E33D}.Optimized|Any CPU.Build.0 = Optimized|Any CPU
		{957A7861-1BE8-4D70-B809-A1791FD5E33D}.Optimized|Mixed Platforms.ActiveCfg = Optimized|Any CPU
		{957A7861-1BE8-4D70-B809-A1791FD5E33D}.Optimized|Mixed Platforms.Build.0 = Optimized|Any CPU
		{957A7861-1BE8-4D70-B809-A1791FD5E33D}.Optimized|x86.ActiveCfg = Optimized|Any CPU
		{957A7861-1BE8-4D70-B809-A1791FD5E33D}.Optimized|x86.Build.0 = Optimized|Any CPU
		{957A7861-1BE8-4D70-B809-A1791FD5E33D}.Release|Any CPU.ActiveCfg = Release|Any CPU
		{957A7861-1BE8-4D70-B809-A1791FD5E33D}.Release|Any CPU.Build.0 = Release|Any CPU
		{957A7861-1BE8-4D70-B809-A1791FD5E33D}.Release|Mixed Platforms.ActiveCfg = Release|Any CPU
		{957A7861-1BE8-4D70-B809-A1791FD5E33D}.Release|Mixed Platforms.Build.0 = Release|Any CPU
		{957A7861-1BE8-4D70-B809-A1791FD5E33D}.Release|x86.ActiveCfg = Release|Any CPU
		{42F338D2-15F3-4EEC-AB8A-6D0DA9327E2D}.Debug|Any CPU.ActiveCfg = Debug|Any CPU
		{42F338D2-15F3-4EEC-AB8A-6D0DA9327E2D}.Debug|Any CPU.Build.0 = Debug|Any CPU
		{42F338D2-15F3-4EEC-AB8A-6D0DA9327E2D}.Debug|Mixed Platforms.ActiveCfg = Debug|Any CPU
		{42F338D2-15F3-4EEC-AB8A-6D0DA9327E2D}.Debug|Mixed Platforms.Build.0 = Debug|Any CPU
		{42F338D2-15F3-4EEC-AB8A-6D0DA9327E2D}.Debug|x86.ActiveCfg = Debug|Any CPU
		{42F338D2-15F3-4EEC-AB8A-6D0DA9327E2D}.Optimized|Any CPU.ActiveCfg = Optimized|Any CPU
		{42F338D2-15F3-4EEC-AB8A-6D0DA9327E2D}.Optimized|Any CPU.Build.0 = Optimized|Any CPU
		{42F338D2-15F3-4EEC-AB8A-6D0DA9327E2D}.Optimized|Mixed Platforms.ActiveCfg = Optimized|Any CPU
		{42F338D2-15F3-4EEC-AB8A-6D0DA9327E2D}.Optimized|Mixed Platforms.Build.0 = Optimized|Any CPU
		{42F338D2-15F3-4EEC-AB8A-6D0DA9327E2D}.Optimized|x86.ActiveCfg = Optimized|Any CPU
		{42F338D2-15F3-4EEC-AB8A-6D0DA9327E2D}.Optimized|x86.Build.0 = Optimized|Any CPU
		{42F338D2-15F3-4EEC-AB8A-6D0DA9327E2D}.Release|Any CPU.ActiveCfg = Release|Any CPU
		{42F338D2-15F3-4EEC-AB8A-6D0DA9327E2D}.Release|Any CPU.Build.0 = Release|Any CPU
		{42F338D2-15F3-4EEC-AB8A-6D0DA9327E2D}.Release|Mixed Platforms.ActiveCfg = Release|Any CPU
		{42F338D2-15F3-4EEC-AB8A-6D0DA9327E2D}.Release|Mixed Platforms.Build.0 = Release|Any CPU
		{42F338D2-15F3-4EEC-AB8A-6D0DA9327E2D}.Release|x86.ActiveCfg = Release|Any CPU
		{32C40238-C588-4C83-B573-D636E1701915}.Debug|Any CPU.ActiveCfg = Debug|Any CPU
		{32C40238-C588-4C83-B573-D636E1701915}.Debug|Any CPU.Build.0 = Debug|Any CPU
		{32C40238-C588-4C83-B573-D636E1701915}.Debug|Mixed Platforms.ActiveCfg = Debug|Any CPU
		{32C40238-C588-4C83-B573-D636E1701915}.Debug|Mixed Platforms.Build.0 = Debug|Any CPU
		{32C40238-C588-4C83-B573-D636E1701915}.Debug|x86.ActiveCfg = Debug|Any CPU
		{32C40238-C588-4C83-B573-D636E1701915}.Debug|x86.Build.0 = Debug|Any CPU
		{32C40238-C588-4C83-B573-D636E1701915}.Optimized|Any CPU.ActiveCfg = Release|Any CPU
		{32C40238-C588-4C83-B573-D636E1701915}.Optimized|Any CPU.Build.0 = Release|Any CPU
		{32C40238-C588-4C83-B573-D636E1701915}.Optimized|Mixed Platforms.ActiveCfg = Release|Any CPU
		{32C40238-C588-4C83-B573-D636E1701915}.Optimized|Mixed Platforms.Build.0 = Release|Any CPU
		{32C40238-C588-4C83-B573-D636E1701915}.Optimized|x86.ActiveCfg = Release|Any CPU
		{32C40238-C588-4C83-B573-D636E1701915}.Optimized|x86.Build.0 = Release|Any CPU
		{32C40238-C588-4C83-B573-D636E1701915}.Release|Any CPU.ActiveCfg = Release|Any CPU
		{32C40238-C588-4C83-B573-D636E1701915}.Release|Any CPU.Build.0 = Release|Any CPU
		{32C40238-C588-4C83-B573-D636E1701915}.Release|Mixed Platforms.ActiveCfg = Release|Any CPU
		{32C40238-C588-4C83-B573-D636E1701915}.Release|Mixed Platforms.Build.0 = Release|Any CPU
		{32C40238-C588-4C83-B573-D636E1701915}.Release|x86.ActiveCfg = Release|Any CPU
		{32C40238-C588-4C83-B573-D636E1701915}.Release|x86.Build.0 = Release|Any CPU
	EndGlobalSection
	GlobalSection(SolutionProperties) = preSolution
		HideSolutionNode = FALSE
	EndGlobalSection
EndGlobal
